// !$*UTF8*$!
{
	archiveVersion = 1;
	classes = {
	};
	objectVersion = 77;
	objects = {

/* Begin PBXContainerItemProxy section */
		8E5093AF2E0D5E0200C788F5 /* PBXContainerItemProxy */ = {
			isa = PBXContainerItemProxy;
			containerPortal = 8E5093942E0D5E0000C788F5 /* Project object */;
			proxyType = 1;
			remoteGlobalIDString = 8E50939B2E0D5E0000C788F5;
			remoteInfo = GitHubUserBrowser;
		};
		8E5093B92E0D5E0200C788F5 /* PBXContainerItemProxy */ = {
			isa = PBXContainerItemProxy;
			containerPortal = 8E5093942E0D5E0000C788F5 /* Project object */;
			proxyType = 1;
			remoteGlobalIDString = 8E50939B2E0D5E0000C788F5;
			remoteInfo = GitHubUserBrowser;
		};
/* End PBXContainerItemProxy section */

/* Begin PBXFileReference section */
		8E50939C2E0D5E0000C788F5 /* GitHubUserBrowser.app */ = {isa = PBXFileReference; explicitFileType = wrapper.application; includeInIndex = 0; path = GitHubUserBrowser.app; sourceTree = BUILT_PRODUCTS_DIR; };
		8E5093AE2E0D5E0200C788F5 /* GitHubUserBrowserTests.xctest */ = {isa = PBXFileReference; explicitFileType = wrapper.cfbundle; includeInIndex = 0; path = GitHubUserBrowserTests.xctest; sourceTree = BUILT_PRODUCTS_DIR; };
		8E5093B82E0D5E0200C788F5 /* GitHubUserBrowserUITests.xctest */ = {isa = PBXFileReference; explicitFileType = wrapper.cfbundle; includeInIndex = 0; path = GitHubUserBrowserUITests.xctest; sourceTree = BUILT_PRODUCTS_DIR; };
/* End PBXFileReference section */

/* Begin PBXFileSystemSynchronizedRootGroup section */
		8E50939E2E0D5E0000C788F5 /* GitHubUserBrowser */ = {
			isa = PBXFileSystemSynchronizedRootGroup;
			path = GitHubUserBrowser;
			sourceTree = "<group>";
		};
		8E5093B12E0D5E0200C788F5 /* GitHubUserBrowserTests */ = {
			isa = PBXFileSystemSynchronizedRootGroup;
			path = GitHubUserBrowserTests;
			sourceTree = "<group>";
		};
		8E5093BB2E0D5E0200C788F5 /* GitHubUserBrowserUITests */ = {
			isa = PBXFileSystemSynchronizedRootGroup;
			path = GitHubUserBrowserUITests;
			sourceTree = "<group>";
		};
/* End PBXFileSystemSynchronizedRootGroup section */

/* Begin PBXFrameworksBuildPhase section */
		8E5093992E0D5E0000C788F5 /* Frameworks */ = {
			isa = PBXFrameworksBuildPhase;
			buildActionMask = 2147483647;
			files = (
			);
			runOnlyForDeploymentPostprocessing = 0;
		};
		8E5093AB2E0D5E0200C788F5 /* Frameworks */ = {
			isa = PBXFrameworksBuildPhase;
			buildActionMask = 2147483647;
			files = (
			);
			runOnlyForDeploymentPostprocessing = 0;
		};
		8E5093B52E0D5E0200C788F5 /* Frameworks */ = {
			isa = PBXFrameworksBuildPhase;
			buildActionMask = 2147483647;
			files = (
			);
			runOnlyForDeploymentPostprocessing = 0;
		};
/* End PBXFrameworksBuildPhase section */

/* Begin PBXGroup section */
		8E5093932E0D5E0000C788F5 = {
			isa = PBXGroup;
			children = (
				8E50939E2E0D5E0000C788F5 /* GitHubUserBrowser */,
				8E5093B12E0D5E0200C788F5 /* GitHubUserBrowserTests */,
				8E5093BB2E0D5E0200C788F5 /* GitHubUserBrowserUITests */,
				8E50939D2E0D5E0000C788F5 /* Products */,
			);
			sourceTree = "<group>";
		};
		8E50939D2E0D5E0000C788F5 /* Products */ = {
			isa = PBXGroup;
			children = (
				8E50939C2E0D5E0000C788F5 /* GitHubUserBrowser.app */,
				8E5093AE2E0D5E0200C788F5 /* GitHubUserBrowserTests.xctest */,
				8E5093B82E0D5E0200C788F5 /* GitHubUserBrowserUITests.xctest */,
			);
			name = Products;
			sourceTree = "<group>";
		};
/* End PBXGroup section */

/* Begin PBXNativeTarget section */
		8E50939B2E0D5E0000C788F5 /* GitHubUserBrowser */ = {
			isa = PBXNativeTarget;
			buildConfigurationList = 8E5093C22E0D5E0200C788F5 /* Build configuration list for PBXNativeTarget "GitHubUserBrowser" */;
			buildPhases = (
				8E5093982E0D5E0000C788F5 /* Sources */,
				8E5093992E0D5E0000C788F5 /* Frameworks */,
				8E50939A2E0D5E0000C788F5 /* Resources */,
			);
			buildRules = (
			);
			dependencies = (
			);
			fileSystemSynchronizedGroups = (
				8E50939E2E0D5E0000C788F5 /* GitHubUserBrowser */,
			);
			name = GitHubUserBrowser;
			packageProductDependencies = (
			);
			productName = GitHubUserBrowser;
			productReference = 8E50939C2E0D5E0000C788F5 /* GitHubUserBrowser.app */;
			productType = "com.apple.product-type.application";
		};
		8E5093AD2E0D5E0200C788F5 /* GitHubUserBrowserTests */ = {
			isa = PBXNativeTarget;
			buildConfigurationList = 8E5093C52E0D5E0200C788F5 /* Build configuration list for PBXNativeTarget "GitHubUserBrowserTests" */;
			buildPhases = (
				8E5093AA2E0D5E0200C788F5 /* Sources */,
				8E5093AB2E0D5E0200C788F5 /* Frameworks */,
				8E5093AC2E0D5E0200C788F5 /* Resources */,
			);
			buildRules = (
			);
			dependencies = (
				8E5093B02E0D5E0200C788F5 /* PBXTargetDependency */,
			);
			fileSystemSynchronizedGroups = (
				8E5093B12E0D5E0200C788F5 /* GitHubUserBrowserTests */,
			);
			name = GitHubUserBrowserTests;
			packageProductDependencies = (
			);
			productName = GitHubUserBrowserTests;
			productReference = 8E5093AE2E0D5E0200C788F5 /* GitHubUserBrowserTests.xctest */;
			productType = "com.apple.product-type.bundle.unit-test";
		};
		8E5093B72E0D5E0200C788F5 /* GitHubUserBrowserUITests */ = {
			isa = PBXNativeTarget;
			buildConfigurationList = 8E5093C82E0D5E0200C788F5 /* Build configuration list for PBXNativeTarget "GitHubUserBrowserUITests" */;
			buildPhases = (
				8E5093B42E0D5E0200C788F5 /* Sources */,
				8E5093B52E0D5E0200C788F5 /* Frameworks */,
				8E5093B62E0D5E0200C788F5 /* Resources */,
			);
			buildRules = (
			);
			dependencies = (
				8E5093BA2E0D5E0200C788F5 /* PBXTargetDependency */,
			);
			fileSystemSynchronizedGroups = (
				8E5093BB2E0D5E0200C788F5 /* GitHubUserBrowserUITests */,
			);
			name = GitHubUserBrowserUITests;
			packageProductDependencies = (
			);
			productName = GitHubUserBrowserUITests;
			productReference = 8E5093B82E0D5E0200C788F5 /* GitHubUserBrowserUITests.xctest */;
			productType = "com.apple.product-type.bundle.ui-testing";
		};
/* End PBXNativeTarget section */

/* Begin PBXProject section */
		8E5093942E0D5E0000C788F5 /* Project object */ = {
			isa = PBXProject;
			attributes = {
				BuildIndependentTargetsInParallel = 1;
				LastSwiftUpdateCheck = 1640;
				LastUpgradeCheck = 1640;
				TargetAttributes = {
					8E50939B2E0D5E0000C788F5 = {
						CreatedOnToolsVersion = 16.4;
					};
					8E5093AD2E0D5E0200C788F5 = {
						CreatedOnToolsVersion = 16.4;
						TestTargetID = 8E50939B2E0D5E0000C788F5;
					};
					8E5093B72E0D5E0200C788F5 = {
						CreatedOnToolsVersion = 16.4;
						TestTargetID = 8E50939B2E0D5E0000C788F5;
					};
				};
			};
			buildConfigurationList = 8E5093972E0D5E0000C788F5 /* Build configuration list for PBXProject "GitHubUserBrowser" */;
			developmentRegion = en;
			hasScannedForEncodings = 0;
			knownRegions = (
				en,
				Base,
			);
			mainGroup = 8E5093932E0D5E0000C788F5;
			minimizedProjectReferenceProxies = 1;
			preferredProjectObjectVersion = 77;
			productRefGroup = 8E50939D2E0D5E0000C788F5 /* Products */;
			projectDirPath = "";
			projectRoot = "";
			targets = (
				8E50939B2E0D5E0000C788F5 /* GitHubUserBrowser */,
				8E5093AD2E0D5E0200C788F5 /* GitHubUserBrowserTests */,
				8E5093B72E0D5E0200C788F5 /* GitHubUserBrowserUITests */,
			);
		};
/* End PBXProject section */

/* Begin PBXResourcesBuildPhase section */
		8E50939A2E0D5E0000C788F5 /* Resources */ = {
			isa = PBXResourcesBuildPhase;
			buildActionMask = 2147483647;
			files = (
			);
			runOnlyForDeploymentPostprocessing = 0;
		};
		8E5093AC2E0D5E0200C788F5 /* Resources */ = {
			isa = PBXResourcesBuildPhase;
			buildActionMask = 2147483647;
			files = (
			);
			runOnlyForDeploymentPostprocessing = 0;
		};
		8E5093B62E0D5E0200C788F5 /* Resources */ = {
			isa = PBXResourcesBuildPhase;
			buildActionMask = 2147483647;
			files = (
			);
			runOnlyForDeploymentPostprocessing = 0;
		};
/* End PBXResourcesBuildPhase section */

/* Begin PBXSourcesBuildPhase section */
		8E5093982E0D5E0000C788F5 /* Sources */ = {
			isa = PBXSourcesBuildPhase;
			buildActionMask = 2147483647;
			files = (
			);
			runOnlyForDeploymentPostprocessing = 0;
		};
		8E5093AA2E0D5E0200C788F5 /* Sources */ = {
			isa = PBXSourcesBuildPhase;
			buildActionMask = 2147483647;
			files = (
			);
			runOnlyForDeploymentPostprocessing = 0;
		};
		8E5093B42E0D5E0200C788F5 /* Sources */ = {
			isa = PBXSourcesBuildPhase;
			buildActionMask = 2147483647;
			files = (
			);
			runOnlyForDeploymentPostprocessing = 0;
		};
/* End PBXSourcesBuildPhase section */

/* Begin PBXTargetDependency section */
		8E5093B02E0D5E0200C788F5 /* PBXTargetDependency */ = {
			isa = PBXTargetDependency;
			target = 8E50939B2E0D5E0000C788F5 /* GitHubUserBrowser */;
			targetProxy = 8E5093AF2E0D5E0200C788F5 /* PBXContainerItemProxy */;
		};
		8E5093BA2E0D5E0200C788F5 /* PBXTargetDependency */ = {
			isa = PBXTargetDependency;
			target = 8E50939B2E0D5E0000C788F5 /* GitHubUserBrowser */;
			targetProxy = 8E5093B92E0D5E0200C788F5 /* PBXContainerItemProxy */;
		};
/* End PBXTargetDependency section */

/* Begin XCBuildConfiguration section */
		8E5093C02E0D5E0200C788F5 /* Debug */ = {
			isa = XCBuildConfiguration;
			buildSettings = {
				ALWAYS_SEARCH_USER_PATHS = NO;
				ASSETCATALOG_COMPILER_GENERATE_SWIFT_ASSET_SYMBOL_EXTENSIONS = YES;
				CLANG_ANALYZER_NONNULL = YES;
				CLANG_ANALYZER_NUMBER_OBJECT_CONVERSION = YES_AGGRESSIVE;
				CLANG_CXX_LANGUAGE_STANDARD = "gnu++20";
				CLANG_ENABLE_MODULES = YES;
				CLANG_ENABLE_OBJC_ARC = YES;
				CLANG_ENABLE_OBJC_WEAK = YES;
				CLANG_WARN_BLOCK_CAPTURE_AUTORELEASING = YES;
				CLANG_WARN_BOOL_CONVERSION = YES;
				CLANG_WARN_COMMA = YES;
				CLANG_WARN_CONSTANT_CONVERSION = YES;
				CLANG_WARN_DEPRECATED_OBJC_IMPLEMENTATIONS = YES;
				CLANG_WARN_DIRECT_OBJC_ISA_USAGE = YES_ERROR;
				CLANG_WARN_DOCUMENTATION_COMMENTS = YES;
				CLANG_WARN_EMPTY_BODY = YES;
				CLANG_WARN_ENUM_CONVERSION = YES;
				CLANG_WARN_INFINITE_RECURSION = YES;
				CLANG_WARN_INT_CONVERSION = YES;
				CLANG_WARN_NON_LITERAL_NULL_CONVERSION = YES;
				CLANG_WARN_OBJC_IMPLICIT_RETAIN_SELF = YES;
				CLANG_WARN_OBJC_LITERAL_CONVERSION = YES;
				CLANG_WARN_OBJC_ROOT_CLASS = YES_ERROR;
				CLANG_WARN_QUOTED_INCLUDE_IN_FRAMEWORK_HEADER = YES;
				CLANG_WARN_RANGE_LOOP_ANALYSIS = YES;
				CLANG_WARN_STRICT_PROTOTYPES = YES;
				CLANG_WARN_SUSPICIOUS_MOVE = YES;
				CLANG_WARN_UNGUARDED_AVAILABILITY = YES_AGGRESSIVE;
				CLANG_WARN_UNREACHABLE_CODE = YES;
				CLANG_WARN__DUPLICATE_METHOD_MATCH = YES;
				COPY_PHASE_STRIP = NO;
				DEBUG_INFORMATION_FORMAT = dwarf;
				DEVELOPMENT_TEAM = 9J9FH4N8DM;
				ENABLE_STRICT_OBJC_MSGSEND = YES;
				ENABLE_TESTABILITY = YES;
				ENABLE_USER_SCRIPT_SANDBOXING = YES;
				GCC_C_LANGUAGE_STANDARD = gnu17;
				GCC_DYNAMIC_NO_PIC = NO;
				GCC_NO_COMMON_BLOCKS = YES;
				GCC_OPTIMIZATION_LEVEL = 0;
				GCC_PREPROCESSOR_DEFINITIONS = (
					"DEBUG=1",
					"$(inherited)",
				);
				GCC_WARN_64_TO_32_BIT_CONVERSION = YES;
				GCC_WARN_ABOUT_RETURN_TYPE = YES_ERROR;
				GCC_WARN_UNDECLARED_SELECTOR = YES;
				GCC_WARN_UNINITIALIZED_AUTOS = YES_AGGRESSIVE;
				GCC_WARN_UNUSED_FUNCTION = YES;
				GCC_WARN_UNUSED_VARIABLE = YES;
				IPHONEOS_DEPLOYMENT_TARGET = 18.5;
				LOCALIZATION_PREFERS_STRING_CATALOGS = YES;
				MTL_ENABLE_DEBUG_INFO = INCLUDE_SOURCE;
				MTL_FAST_MATH = YES;
				ONLY_ACTIVE_ARCH = YES;
				SDKROOT = iphoneos;
				SWIFT_ACTIVE_COMPILATION_CONDITIONS = "DEBUG $(inherited)";
				SWIFT_OPTIMIZATION_LEVEL = "-Onone";
			};
			name = Debug;
		};
		8E5093C12E0D5E0200C788F5 /* Release */ = {
			isa = XCBuildConfiguration;
			buildSettings = {
				ALWAYS_SEARCH_USER_PATHS = NO;
				ASSETCATALOG_COMPILER_GENERATE_SWIFT_ASSET_SYMBOL_EXTENSIONS = YES;
				CLANG_ANALYZER_NONNULL = YES;
				CLANG_ANALYZER_NUMBER_OBJECT_CONVERSION = YES_AGGRESSIVE;
				CLANG_CXX_LANGUAGE_STANDARD = "gnu++20";
				CLANG_ENABLE_MODULES = YES;
				CLANG_ENABLE_OBJC_ARC = YES;
				CLANG_ENABLE_OBJC_WEAK = YES;
				CLANG_WARN_BLOCK_CAPTURE_AUTORELEASING = YES;
				CLANG_WARN_BOOL_CONVERSION = YES;
				CLANG_WARN_COMMA = YES;
				CLANG_WARN_CONSTANT_CONVERSION = YES;
				CLANG_WARN_DEPRECATED_OBJC_IMPLEMENTATIONS = YES;
				CLANG_WARN_DIRECT_OBJC_ISA_USAGE = YES_ERROR;
				CLANG_WARN_DOCUMENTATION_COMMENTS = YES;
				CLANG_WARN_EMPTY_BODY = YES;
				CLANG_WARN_ENUM_CONVERSION = YES;
				CLANG_WARN_INFINITE_RECURSION = YES;
				CLANG_WARN_INT_CONVERSION = YES;
				CLANG_WARN_NON_LITERAL_NULL_CONVERSION = YES;
				CLANG_WARN_OBJC_IMPLICIT_RETAIN_SELF = YES;
				CLANG_WARN_OBJC_LITERAL_CONVERSION = YES;
				CLANG_WARN_OBJC_ROOT_CLASS = YES_ERROR;
				CLANG_WARN_QUOTED_INCLUDE_IN_FRAMEWORK_HEADER = YES;
				CLANG_WARN_RANGE_LOOP_ANALYSIS = YES;
				CLANG_WARN_STRICT_PROTOTYPES = YES;
				CLANG_WARN_SUSPICIOUS_MOVE = YES;
				CLANG_WARN_UNGUARDED_AVAILABILITY = YES_AGGRESSIVE;
				CLANG_WARN_UNREACHABLE_CODE = YES;
				CLANG_WARN__DUPLICATE_METHOD_MATCH = YES;
				COPY_PHASE_STRIP = NO;
				DEBUG_INFORMATION_FORMAT = "dwarf-with-dsym";
				DEVELOPMENT_TEAM = 9J9FH4N8DM;
				ENABLE_NS_ASSERTIONS = NO;
				ENABLE_STRICT_OBJC_MSGSEND = YES;
				ENABLE_USER_SCRIPT_SANDBOXING = YES;
				GCC_C_LANGUAGE_STANDARD = gnu17;
				GCC_NO_COMMON_BLOCKS = YES;
				GCC_WARN_64_TO_32_BIT_CONVERSION = YES;
				GCC_WARN_ABOUT_RETURN_TYPE = YES_ERROR;
				GCC_WARN_UNDECLARED_SELECTOR = YES;
				GCC_WARN_UNINITIALIZED_AUTOS = YES_AGGRESSIVE;
				GCC_WARN_UNUSED_FUNCTION = YES;
				GCC_WARN_UNUSED_VARIABLE = YES;
				IPHONEOS_DEPLOYMENT_TARGET = 18.5;
				LOCALIZATION_PREFERS_STRING_CATALOGS = YES;
				MTL_ENABLE_DEBUG_INFO = NO;
				MTL_FAST_MATH = YES;
				SDKROOT = iphoneos;
				SWIFT_COMPILATION_MODE = wholemodule;
				VALIDATE_PRODUCT = YES;
			};
			name = Release;
		};
		8E5093C32E0D5E0200C788F5 /* Debug */ = {
			isa = XCBuildConfiguration;
			buildSettings = {
				ASSETCATALOG_COMPILER_APPICON_NAME = AppIcon;
				ASSETCATALOG_COMPILER_GLOBAL_ACCENT_COLOR_NAME = AccentColor;
				CODE_SIGN_STYLE = Automatic;
				CURRENT_PROJECT_VERSION = 1;
				DEVELOPMENT_TEAM = 9J9FH4N8DM;
				ENABLE_PREVIEWS = YES;
				GENERATE_INFOPLIST_FILE = YES;
				INFOPLIST_KEY_UIApplicationSceneManifest_Generation = YES;
				INFOPLIST_KEY_UIApplicationSupportsIndirectInputEvents = YES;
				INFOPLIST_KEY_UILaunchScreen_Generation = YES;
				INFOPLIST_KEY_UISupportedInterfaceOrientations_iPad = "UIInterfaceOrientationPortrait UIInterfaceOrientationPortraitUpsideDown UIInterfaceOrientationLandscapeLeft UIInterfaceOrientationLandscapeRight";
				INFOPLIST_KEY_UISupportedInterfaceOrientations_iPhone = "UIInterfaceOrientationPortrait UIInterfaceOrientationLandscapeLeft UIInterfaceOrientationLandscapeRight";
				LD_RUNPATH_SEARCH_PATHS = (
					"$(inherited)",
					"@executable_path/Frameworks",
				);
				MARKETING_VERSION = 1.0;
				PRODUCT_BUNDLE_IDENTIFIER = com.peterdanh.githubuserbrowser.GitHubUserBrowser;
				PRODUCT_NAME = "$(TARGET_NAME)";
				SWIFT_EMIT_LOC_STRINGS = YES;
				SWIFT_VERSION = 5.0;
				TARGETED_DEVICE_FAMILY = "1,2";
			};
			name = Debug;
		};
		8E5093C42E0D5E0200C788F5 /* Release */ = {
			isa = XCBuildConfiguration;
			buildSettings = {
				ASSETCATALOG_COMPILER_APPICON_NAME = AppIcon;
				ASSETCATALOG_COMPILER_GLOBAL_ACCENT_COLOR_NAME = AccentColor;
				CODE_SIGN_STYLE = Automatic;
				CURRENT_PROJECT_VERSION = 1;
				DEVELOPMENT_TEAM = 9J9FH4N8DM;
				ENABLE_PREVIEWS = YES;
				GENERATE_INFOPLIST_FILE = YES;
				INFOPLIST_KEY_UIApplicationSceneManifest_Generation = YES;
				INFOPLIST_KEY_UIApplicationSupportsIndirectInputEvents = YES;
				INFOPLIST_KEY_UILaunchScreen_Generation = YES;
				INFOPLIST_KEY_UISupportedInterfaceOrientations_iPad = "UIInterfaceOrientationPortrait UIInterfaceOrientationPortraitUpsideDown UIInterfaceOrientationLandscapeLeft UIInterfaceOrientationLandscapeRight";
				INFOPLIST_KEY_UISupportedInterfaceOrientations_iPhone = "UIInterfaceOrientationPortrait UIInterfaceOrientationLandscapeLeft UIInterfaceOrientationLandscapeRight";
				LD_RUNPATH_SEARCH_PATHS = (
					"$(inherited)",
					"@executable_path/Frameworks",
				);
				MARKETING_VERSION = 1.0;
				PRODUCT_BUNDLE_IDENTIFIER = com.peterdanh.githubuserbrowser.GitHubUserBrowser;
				PRODUCT_NAME = "$(TARGET_NAME)";
				SWIFT_EMIT_LOC_STRINGS = YES;
				SWIFT_VERSION = 5.0;
				TARGETED_DEVICE_FAMILY = "1,2";
			};
			name = Release;
		};
		8E5093C62E0D5E0200C788F5 /* Debug */ = {
			isa = XCBuildConfiguration;
			buildSettings = {
				BUNDLE_LOADER = "$(TEST_HOST)";
				CODE_SIGN_STYLE = Automatic;
				CURRENT_PROJECT_VERSION = 1;
				DEVELOPMENT_TEAM = 9J9FH4N8DM;
				GENERATE_INFOPLIST_FILE = YES;
				IPHONEOS_DEPLOYMENT_TARGET = 18.5;
				MARKETING_VERSION = 1.0;
				PRODUCT_BUNDLE_IDENTIFIER = com.peterdanh.githubuserbrowser.GitHubUserBrowserTests;
				PRODUCT_NAME = "$(TARGET_NAME)";
				SWIFT_EMIT_LOC_STRINGS = NO;
				SWIFT_VERSION = 5.0;
				TARGETED_DEVICE_FAMILY = "1,2";
				TEST_HOST = "$(BUILT_PRODUCTS_DIR)/GitHubUserBrowser.app/$(BUNDLE_EXECUTABLE_FOLDER_PATH)/GitHubUserBrowser";
			};
			name = Debug;
		};
		8E5093C72E0D5E0200C788F5 /* Release */ = {
			isa = XCBuildConfiguration;
			buildSettings = {
				BUNDLE_LOADER = "$(TEST_HOST)";
				CODE_SIGN_STYLE = Automatic;
				CURRENT_PROJECT_VERSION = 1;
				DEVELOPMENT_TEAM = 9J9FH4N8DM;
				GENERATE_INFOPLIST_FILE = YES;
				IPHONEOS_DEPLOYMENT_TARGET = 18.5;
				MARKETING_VERSION = 1.0;
				PRODUCT_BUNDLE_IDENTIFIER = com.peterdanh.githubuserbrowser.GitHubUserBrowserTests;
				PRODUCT_NAME = "$(TARGET_NAME)";
				SWIFT_EMIT_LOC_STRINGS = NO;
				SWIFT_VERSION = 5.0;
				TARGETED_DEVICE_FAMILY = "1,2";
				TEST_HOST = "$(BUILT_PRODUCTS_DIR)/GitHubUserBrowser.app/$(BUNDLE_EXECUTABLE_FOLDER_PATH)/GitHubUserBrowser";
			};
			name = Release;
		};
		8E5093C92E0D5E0200C788F5 /* Debug */ = {
			isa = XCBuildConfiguration;
			buildSettings = {
				CODE_SIGN_STYLE = Automatic;
				CURRENT_PROJECT_VERSION = 1;
				DEVELOPMENT_TEAM = 9J9FH4N8DM;
				GENERATE_INFOPLIST_FILE = YES;
				MARKETING_VERSION = 1.0;
				PRODUCT_BUNDLE_IDENTIFIER = com.peterdanh.githubuserbrowser.GitHubUserBrowserUITests;
				PRODUCT_NAME = "$(TARGET_NAME)";
				SWIFT_EMIT_LOC_STRINGS = NO;
				SWIFT_VERSION = 5.0;
				TARGETED_DEVICE_FAMILY = "1,2";
				TEST_TARGET_NAME = GitHubUserBrowser;
			};
			name = Debug;
		};
		8E5093CA2E0D5E0200C788F5 /* Release */ = {
			isa = XCBuildConfiguration;
			buildSettings = {
				CODE_SIGN_STYLE = Automatic;
				CURRENT_PROJECT_VERSION = 1;
				DEVELOPMENT_TEAM = 9J9FH4N8DM;
				GENERATE_INFOPLIST_FILE = YES;
				MARKETING_VERSION = 1.0;
				PRODUCT_BUNDLE_IDENTIFIER = com.peterdanh.githubuserbrowser.GitHubUserBrowserUITests;
				PRODUCT_NAME = "$(TARGET_NAME)";
				SWIFT_EMIT_LOC_STRINGS = NO;
				SWIFT_VERSION = 5.0;
				TARGETED_DEVICE_FAMILY = "1,2";
				TEST_TARGET_NAME = GitHubUserBrowser;
			};
			name = Release;
		};
/* End XCBuildConfiguration section */

/* Begin XCConfigurationList section */
		8E5093972E0D5E0000C788F5 /* Build configuration list for PBXProject "GitHubUserBrowser" */ = {
			isa = XCConfigurationList;
			buildConfigurations = (
				8E5093C02E0D5E0200C788F5 /* Debug */,
				8E5093C12E0D5E0200C788F5 /* Release */,
			);
			defaultConfigurationIsVisible = 0;
			defaultConfigurationName = Release;
		};
		8E5093C22E0D5E0200C788F5 /* Build configuration list for PBXNativeTarget "GitHubUserBrowser" */ = {
			isa = XCConfigurationList;
			buildConfigurations = (
				8E5093C32E0D5E0200C788F5 /* Debug */,
				8E5093C42E0D5E0200C788F5 /* Release */,
			);
			defaultConfigurationIsVisible = 0;
			defaultConfigurationName = Release;
		};
		8E5093C52E0D5E0200C788F5 /* Build configuration list for PBXNativeTarget "GitHubUserBrowserTests" */ = {
			isa = XCConfigurationList;
			buildConfigurations = (
				8E5093C62E0D5E0200C788F5 /* Debug */,
				8E5093C72E0D5E0200C788F5 /* Release */,
			);
			defaultConfigurationIsVisible = 0;
			defaultConfigurationName = Release;
		};
		8E5093C82E0D5E0200C788F5 /* Build configuration list for PBXNativeTarget "GitHubUserBrowserUITests" */ = {
			isa = XCConfigurationList;
			buildConfigurations = (
				8E5093C92E0D5E0200C788F5 /* Debug */,
				8E5093CA2E0D5E0200C788F5 /* Release */,
			);
			defaultConfigurationIsVisible = 0;
			defaultConfigurationName = Release;
		};
/* End XCConfigurationList section */
	};
	rootObject = 8E5093942E0D5E0000C788F5 /* Project object */;
}
